
Microsoft Visual Studio Solution File, Format Version 12.00
# Visual Studio Version 16
VisualStudioVersion = 16.0.30709.132
MinimumVisualStudioVersion = 10.0.40219.1
Project("{2150E333-8FDC-42A3-9474-1A3956D46DE8}") = "Solution Items", "Solution Items", "{BE08D63E-78BA-4B80-9C1B-C0ACB04EB38B}"
	ProjectSection(SolutionItems) = preProject
		Readme.md = Readme.md
	EndProjectSection
EndProject
Project("{FAE04EC0-301F-11D3-BF4B-00C04F79EFBC}") = "TODODesktopUI.Library", "TODODesktopUI.Library\TODODesktopUI.Library.csproj", "{1A742DCF-A90B-4830-861F-2FF2C52D44FF}"
EndProject
Project("{FAE04EC0-301F-11D3-BF4B-00C04F79EFBC}") = "TODODesktopUI", "TODODesktopUI\TODODesktopUI.csproj", "{D181CAC4-F361-4502-AD05-2DE4D3D1B391}"
EndProject
Global
	GlobalSection(SolutionConfigurationPlatforms) = preSolution
		Debug|Any CPU = Debug|Any CPU
		Release|Any CPU = Release|Any CPU
	EndGlobalSection
	GlobalSection(ProjectConfigurationPlatforms) = postSolution
		{1A742DCF-A90B-4830-861F-2FF2C52D44FF}.Debug|Any CPU.ActiveCfg = Debug|Any CPU
		{1A742DCF-A90B-4830-861F-2FF2C52D44FF}.Debug|Any CPU.Build.0 = Debug|Any CPU
		{1A742DCF-A90B-4830-861F-2FF2C52D44FF}.Release|Any CPU.ActiveCfg = Release|Any CPU
		{1A742DCF-A90B-4830-861F-2FF2C52D44FF}.Release|Any CPU.Build.0 = Release|Any CPU
		{D181CAC4-F361-4502-AD05-2DE4D3D1B391}.Debug|Any CPU.ActiveCfg = Debug|Any CPU
		{D181CAC4-F361-4502-AD05-2DE4D3D1B391}.Debug|Any CPU.Build.0 = Debug|Any CPU
		{D181CAC4-F361-4502-AD05-2DE4D3D1B391}.Release|Any CPU.ActiveCfg = Release|Any CPU
		{D181CAC4-F361-4502-AD05-2DE4D3D1B391}.Release|Any CPU.Build.0 = Release|Any CPU
	EndGlobalSection
	GlobalSection(SolutionProperties) = preSolution
		HideSolutionNode = FALSE
	EndGlobalSection
	GlobalSection(ExtensibilityGlobals) = postSolution
		SolutionGuid = {0DC932FE-7E45-4731-ABB1-20B4E45AA850}
	EndGlobalSection
EndGlobal
